
Microsoft Visual Studio Solution File, Format Version 12.00
# Visual Studio 2017
Project("{FAE04EC0-301F-11D3-BF4B-00C04F79EFBC}") = "Treasure Chess", "Treasure Chess.csproj", "{9258FD40-9109-5326-0D81-59628C4BF430}"
EndProject
Global
	GlobalSection(SolutionConfigurationPlatforms) = preSolution
		Debug|Any CPU = Debug|Any CPU
		Release|Any CPU = Release|Any CPU
	EndGlobalSection
	GlobalSection(ProjectConfigurationPlatforms) = postSolution
		{9258FD40-9109-5326-0D81-59628C4BF430}.Debug|Any CPU.ActiveCfg = Debug|Any CPU
		{9258FD40-9109-5326-0D81-59628C4BF430}.Debug|Any CPU.Build.0 = Debug|Any CPU
		{9258FD40-9109-5326-0D81-59628C4BF430}.Release|Any CPU.ActiveCfg = Release|Any CPU
		{9258FD40-9109-5326-0D81-59628C4BF430}.Release|Any CPU.Build.0 = Release|Any CPU
	EndGlobalSection
	GlobalSection(SolutionProperties) = preSolution
		HideSolutionNode = FALSE
	EndGlobalSection
EndGlobal
